// !$*UTF8*$!
{
	archiveVersion = 1;
	classes = {
	};
	objectVersion = 60;
	objects = {

/* Begin PBXBuildFile section */
		2A47B44C2ADD008F00CC0D33 /* SamplesApp.swift in Sources */ = {isa = PBXBuildFile; fileRef = 2A47B44B2ADD008F00CC0D33 /* SamplesApp.swift */; };
		2A47B44E2ADD008F00CC0D33 /* ContentView.swift in Sources */ = {isa = PBXBuildFile; fileRef = 2A47B44D2ADD008F00CC0D33 /* ContentView.swift */; };
		2A47B4502ADD009000CC0D33 /* Assets.xcassets in Resources */ = {isa = PBXBuildFile; fileRef = 2A47B44F2ADD009000CC0D33 /* Assets.xcassets */; };
		2A47B4532ADD009000CC0D33 /* Preview Assets.xcassets in Resources */ = {isa = PBXBuildFile; fileRef = 2A47B4522ADD009000CC0D33 /* Preview Assets.xcassets */; };
		2A47B45B2ADD00CD00CC0D33 /* SearchableExtensions in Frameworks */ = {isa = PBXBuildFile; productRef = 2A47B45A2ADD00CD00CC0D33 /* SearchableExtensions */; };
		2A47B45D2ADD00CD00CC0D33 /* SheetExtensions in Frameworks */ = {isa = PBXBuildFile; productRef = 2A47B45C2ADD00CD00CC0D33 /* SheetExtensions */; };
/* End PBXBuildFile section */

/* Begin PBXFileReference section */
		2A47B4482ADD008F00CC0D33 /* SwiftUI-Niche-Pieces-Samples.app */ = {isa = PBXFileReference; explicitFileType = wrapper.application; includeInIndex = 0; path = "SwiftUI-Niche-Pieces-Samples.app"; sourceTree = BUILT_PRODUCTS_DIR; };
		2A47B44B2ADD008F00CC0D33 /* SamplesApp.swift */ = {isa = PBXFileReference; lastKnownFileType = sourcecode.swift; path = SamplesApp.swift; sourceTree = "<group>"; };
		2A47B44D2ADD008F00CC0D33 /* ContentView.swift */ = {isa = PBXFileReference; lastKnownFileType = sourcecode.swift; path = ContentView.swift; sourceTree = "<group>"; };
		2A47B44F2ADD009000CC0D33 /* Assets.xcassets */ = {isa = PBXFileReference; lastKnownFileType = folder.assetcatalog; path = Assets.xcassets; sourceTree = "<group>"; };
		2A47B4522ADD009000CC0D33 /* Preview Assets.xcassets */ = {isa = PBXFileReference; lastKnownFileType = folder.assetcatalog; path = "Preview Assets.xcassets"; sourceTree = "<group>"; };
		2A47B45E2ADD132B00CC0D33 /* SampleCode.xcconfig */ = {isa = PBXFileReference; lastKnownFileType = text.xcconfig; path = SampleCode.xcconfig; sourceTree = "<group>"; };
/* End PBXFileReference section */

/* Begin PBXFrameworksBuildPhase section */
		2A47B4452ADD008F00CC0D33 /* Frameworks */ = {
			isa = PBXFrameworksBuildPhase;
			buildActionMask = 2147483647;
			files = (
				2A47B45D2ADD00CD00CC0D33 /* SheetExtensions in Frameworks */,
				2A47B45B2ADD00CD00CC0D33 /* SearchableExtensions in Frameworks */,
			);
			runOnlyForDeploymentPostprocessing = 0;
		};
/* End PBXFrameworksBuildPhase section */

/* Begin PBXGroup section */
		2A47B43F2ADD008F00CC0D33 = {
			isa = PBXGroup;
			children = (
				2A47B44A2ADD008F00CC0D33 /* SwiftUI-Niche-Pieces-Samples */,
				2A47B4492ADD008F00CC0D33 /* Products */,
			);
			sourceTree = "<group>";
		};
		2A47B4492ADD008F00CC0D33 /* Products */ = {
			isa = PBXGroup;
			children = (
				2A47B4482ADD008F00CC0D33 /* SwiftUI-Niche-Pieces-Samples.app */,
			);
			name = Products;
			sourceTree = "<group>";
		};
		2A47B44A2ADD008F00CC0D33 /* SwiftUI-Niche-Pieces-Samples */ = {
			isa = PBXGroup;
			children = (
				2A47B44B2ADD008F00CC0D33 /* SamplesApp.swift */,
				2A47B44D2ADD008F00CC0D33 /* ContentView.swift */,
				2A47B44F2ADD009000CC0D33 /* Assets.xcassets */,
				2A47B4512ADD009000CC0D33 /* Preview Content */,
				2A47B45E2ADD132B00CC0D33 /* SampleCode.xcconfig */,
			);
			path = "SwiftUI-Niche-Pieces-Samples";
			sourceTree = "<group>";
		};
		2A47B4512ADD009000CC0D33 /* Preview Content */ = {
			isa = PBXGroup;
			children = (
				2A47B4522ADD009000CC0D33 /* Preview Assets.xcassets */,
			);
			path = "Preview Content";
			sourceTree = "<group>";
		};
/* End PBXGroup section */

/* Begin PBXNativeTarget section */
		2A47B4472ADD008F00CC0D33 /* SwiftUI-Niche-Pieces-Samples */ = {
			isa = PBXNativeTarget;
			buildConfigurationList = 2A47B4562ADD009100CC0D33 /* Build configuration list for PBXNativeTarget "SwiftUI-Niche-Pieces-Samples" */;
			buildPhases = (
				2A47B4442ADD008F00CC0D33 /* Sources */,
				2A47B4452ADD008F00CC0D33 /* Frameworks */,
				2A47B4462ADD008F00CC0D33 /* Resources */,
			);
			buildRules = (
			);
			dependencies = (
			);
			name = "SwiftUI-Niche-Pieces-Samples";
			packageProductDependencies = (
				2A47B45A2ADD00CD00CC0D33 /* SearchableExtensions */,
				2A47B45C2ADD00CD00CC0D33 /* SheetExtensions */,
			);
			productName = "SwiftUI-Niche-Pieces-Samples";
			productReference = 2A47B4482ADD008F00CC0D33 /* SwiftUI-Niche-Pieces-Samples.app */;
			productType = "com.apple.product-type.application";
		};
/* End PBXNativeTarget section */

/* Begin PBXProject section */
		2A47B4402ADD008F00CC0D33 /* Project object */ = {
			isa = PBXProject;
			attributes = {
				BuildIndependentTargetsInParallel = 1;
				LastSwiftUpdateCheck = 1510;
				LastUpgradeCheck = 1510;
				TargetAttributes = {
					2A47B4472ADD008F00CC0D33 = {
						CreatedOnToolsVersion = 15.1;
					};
				};
			};
			buildConfigurationList = 2A47B4432ADD008F00CC0D33 /* Build configuration list for PBXProject "SwiftUI-Niche-Pieces-Samples" */;
			compatibilityVersion = "Xcode 14.0";
			developmentRegion = en;
			hasScannedForEncodings = 0;
			knownRegions = (
				en,
				Base,
			);
			mainGroup = 2A47B43F2ADD008F00CC0D33;
			packageReferences = (
				2A47B4592ADD00CD00CC0D33 /* XCLocalSwiftPackageReference ".." */,
			);
			productRefGroup = 2A47B4492ADD008F00CC0D33 /* Products */;
			projectDirPath = "";
			projectRoot = "";
			targets = (
				2A47B4472ADD008F00CC0D33 /* SwiftUI-Niche-Pieces-Samples */,
			);
		};
/* End PBXProject section */

/* Begin PBXResourcesBuildPhase section */
		2A47B4462ADD008F00CC0D33 /* Resources */ = {
			isa = PBXResourcesBuildPhase;
			buildActionMask = 2147483647;
			files = (
				2A47B4532ADD009000CC0D33 /* Preview Assets.xcassets in Resources */,
				2A47B4502ADD009000CC0D33 /* Assets.xcassets in Resources */,
			);
			runOnlyForDeploymentPostprocessing = 0;
		};
/* End PBXResourcesBuildPhase section */

/* Begin PBXSourcesBuildPhase section */
		2A47B4442ADD008F00CC0D33 /* Sources */ = {
			isa = PBXSourcesBuildPhase;
			buildActionMask = 2147483647;
			files = (
				2A47B44E2ADD008F00CC0D33 /* ContentView.swift in Sources */,
				2A47B44C2ADD008F00CC0D33 /* SamplesApp.swift in Sources */,
			);
			runOnlyForDeploymentPostprocessing = 0;
		};
/* End PBXSourcesBuildPhase section */

/* Begin XCBuildConfiguration section */
		2A47B4542ADD009100CC0D33 /* Debug */ = {
			isa = XCBuildConfiguration;
			baseConfigurationReference = 2A47B45E2ADD132B00CC0D33 /* SampleCode.xcconfig */;
			buildSettings = {
				ALWAYS_SEARCH_USER_PATHS = NO;
				ASSETCATALOG_COMPILER_GENERATE_SWIFT_ASSET_SYMBOL_EXTENSIONS = YES;
				CLANG_ANALYZER_NONNULL = YES;
				CLANG_ANALYZER_NUMBER_OBJECT_CONVERSION = YES_AGGRESSIVE;
				CLANG_CXX_LANGUAGE_STANDARD = "gnu++20";
				CLANG_ENABLE_MODULES = YES;
				CLANG_ENABLE_OBJC_ARC = YES;
				CLANG_ENABLE_OBJC_WEAK = YES;
				CLANG_WARN_BLOCK_CAPTURE_AUTORELEASING = YES;
				CLANG_WARN_BOOL_CONVERSION = YES;
				CLANG_WARN_COMMA = YES;
				CLANG_WARN_CONSTANT_CONVERSION = YES;
				CLANG_WARN_DEPRECATED_OBJC_IMPLEMENTATIONS = YES;
				CLANG_WARN_DIRECT_OBJC_ISA_USAGE = YES_ERROR;
				CLANG_WARN_DOCUMENTATION_COMMENTS = YES;
				CLANG_WARN_EMPTY_BODY = YES;
				CLANG_WARN_ENUM_CONVERSION = YES;
				CLANG_WARN_INFINITE_RECURSION = YES;
				CLANG_WARN_INT_CONVERSION = YES;
				CLANG_WARN_NON_LITERAL_NULL_CONVERSION = YES;
				CLANG_WARN_OBJC_IMPLICIT_RETAIN_SELF = YES;
				CLANG_WARN_OBJC_LITERAL_CONVERSION = YES;
				CLANG_WARN_OBJC_ROOT_CLASS = YES_ERROR;
				CLANG_WARN_QUOTED_INCLUDE_IN_FRAMEWORK_HEADER = YES;
				CLANG_WARN_RANGE_LOOP_ANALYSIS = YES;
				CLANG_WARN_STRICT_PROTOTYPES = YES;
				CLANG_WARN_SUSPICIOUS_MOVE = YES;
				CLANG_WARN_UNGUARDED_AVAILABILITY = YES_AGGRESSIVE;
				CLANG_WARN_UNREACHABLE_CODE = YES;
				CLANG_WARN__DUPLICATE_METHOD_MATCH = YES;
				COPY_PHASE_STRIP = NO;
				DEBUG_INFORMATION_FORMAT = dwarf;
				ENABLE_STRICT_OBJC_MSGSEND = YES;
				ENABLE_TESTABILITY = YES;
				ENABLE_USER_SCRIPT_SANDBOXING = YES;
				GCC_C_LANGUAGE_STANDARD = gnu17;
				GCC_DYNAMIC_NO_PIC = NO;
				GCC_NO_COMMON_BLOCKS = YES;
				GCC_OPTIMIZATION_LEVEL = 0;
				GCC_PREPROCESSOR_DEFINITIONS = (
					"DEBUG=1",
					"$(inherited)",
				);
				GCC_WARN_64_TO_32_BIT_CONVERSION = YES;
				GCC_WARN_ABOUT_RETURN_TYPE = YES_ERROR;
				GCC_WARN_UNDECLARED_SELECTOR = YES;
				GCC_WARN_UNINITIALIZED_AUTOS = YES_AGGRESSIVE;
				GCC_WARN_UNUSED_FUNCTION = YES;
				GCC_WARN_UNUSED_VARIABLE = YES;
				IPHONEOS_DEPLOYMENT_TARGET = 17.0;
				LOCALIZATION_PREFERS_STRING_CATALOGS = YES;
				MTL_ENABLE_DEBUG_INFO = INCLUDE_SOURCE;
				MTL_FAST_MATH = YES;
				ONLY_ACTIVE_ARCH = YES;
				SDKROOT = iphoneos;
				SWIFT_ACTIVE_COMPILATION_CONDITIONS = "DEBUG $(inherited)";
				SWIFT_OPTIMIZATION_LEVEL = "-Onone";
			};
			name = Debug;
		};
		2A47B4552ADD009100CC0D33 /* Release */ = {
			isa = XCBuildConfiguration;
			baseConfigurationReference = 2A47B45E2ADD132B00CC0D33 /* SampleCode.xcconfig */;
			buildSettings = {
				ALWAYS_SEARCH_USER_PATHS = NO;
				ASSETCATALOG_COMPILER_GENERATE_SWIFT_ASSET_SYMBOL_EXTENSIONS = YES;
				CLANG_ANALYZER_NONNULL = YES;
				CLANG_ANALYZER_NUMBER_OBJECT_CONVERSION = YES_AGGRESSIVE;
				CLANG_CXX_LANGUAGE_STANDARD = "gnu++20";
				CLANG_ENABLE_MODULES = YES;
				CLANG_ENABLE_OBJC_ARC = YES;
				CLANG_ENABLE_OBJC_WEAK = YES;
				CLANG_WARN_BLOCK_CAPTURE_AUTORELEASING = YES;
				CLANG_WARN_BOOL_CONVERSION = YES;
				CLANG_WARN_COMMA = YES;
				CLANG_WARN_CONSTANT_CONVERSION = YES;
				CLANG_WARN_DEPRECATED_OBJC_IMPLEMENTATIONS = YES;
				CLANG_WARN_DIRECT_OBJC_ISA_USAGE = YES_ERROR;
				CLANG_WARN_DOCUMENTATION_COMMENTS = YES;
				CLANG_WARN_EMPTY_BODY = YES;
				CLANG_WARN_ENUM_CONVERSION = YES;
				CLANG_WARN_INFINITE_RECURSION = YES;
				CLANG_WARN_INT_CONVERSION = YES;
				CLANG_WARN_NON_LITERAL_NULL_CONVERSION = YES;
				CLANG_WARN_OBJC_IMPLICIT_RETAIN_SELF = YES;
				CLANG_WARN_OBJC_LITERAL_CONVERSION = YES;
				CLANG_WARN_OBJC_ROOT_CLASS = YES_ERROR;
				CLANG_WARN_QUOTED_INCLUDE_IN_FRAMEWORK_HEADER = YES;
				CLANG_WARN_RANGE_LOOP_ANALYSIS = YES;
				CLANG_WARN_STRICT_PROTOTYPES = YES;
				CLANG_WARN_SUSPICIOUS_MOVE = YES;
				CLANG_WARN_UNGUARDED_AVAILABILITY = YES_AGGRESSIVE;
				CLANG_WARN_UNREACHABLE_CODE = YES;
				CLANG_WARN__DUPLICATE_METHOD_MATCH = YES;
				COPY_PHASE_STRIP = NO;
				DEBUG_INFORMATION_FORMAT = "dwarf-with-dsym";
				ENABLE_NS_ASSERTIONS = NO;
				ENABLE_STRICT_OBJC_MSGSEND = YES;
				ENABLE_USER_SCRIPT_SANDBOXING = YES;
				GCC_C_LANGUAGE_STANDARD = gnu17;
				GCC_NO_COMMON_BLOCKS = YES;
				GCC_WARN_64_TO_32_BIT_CONVERSION = YES;
				GCC_WARN_ABOUT_RETURN_TYPE = YES_ERROR;
				GCC_WARN_UNDECLARED_SELECTOR = YES;
				GCC_WARN_UNINITIALIZED_AUTOS = YES_AGGRESSIVE;
				GCC_WARN_UNUSED_FUNCTION = YES;
				GCC_WARN_UNUSED_VARIABLE = YES;
				IPHONEOS_DEPLOYMENT_TARGET = 17.0;
				LOCALIZATION_PREFERS_STRING_CATALOGS = YES;
				MTL_ENABLE_DEBUG_INFO = NO;
				MTL_FAST_MATH = YES;
				SDKROOT = iphoneos;
				SWIFT_COMPILATION_MODE = wholemodule;
				VALIDATE_PRODUCT = YES;
			};
			name = Release;
		};
		2A47B4572ADD009100CC0D33 /* Debug */ = {
			isa = XCBuildConfiguration;
			buildSettings = {
				ASSETCATALOG_COMPILER_APPICON_NAME = AppIcon;
				ASSETCATALOG_COMPILER_GLOBAL_ACCENT_COLOR_NAME = AccentColor;
				CODE_SIGN_STYLE = Automatic;
				CURRENT_PROJECT_VERSION = 1;
				DEVELOPMENT_ASSET_PATHS = "\"SwiftUI-Niche-Pieces-Samples/Preview Content\"";
				DEVELOPMENT_TEAM = "";
				ENABLE_PREVIEWS = YES;
				GENERATE_INFOPLIST_FILE = YES;
				INFOPLIST_KEY_UIApplicationSceneManifest_Generation = YES;
				INFOPLIST_KEY_UIApplicationSupportsIndirectInputEvents = YES;
				INFOPLIST_KEY_UILaunchScreen_Generation = YES;
				INFOPLIST_KEY_UISupportedInterfaceOrientations_iPad = "UIInterfaceOrientationPortrait UIInterfaceOrientationPortraitUpsideDown UIInterfaceOrientationLandscapeLeft UIInterfaceOrientationLandscapeRight";
				INFOPLIST_KEY_UISupportedInterfaceOrientations_iPhone = "UIInterfaceOrientationPortrait UIInterfaceOrientationLandscapeLeft UIInterfaceOrientationLandscapeRight";
				IPHONEOS_DEPLOYMENT_TARGET = 15.0;
				LD_RUNPATH_SEARCH_PATHS = (
					"$(inherited)",
					"@executable_path/Frameworks",
				);
				MARKETING_VERSION = 1.0;
				PRODUCT_BUNDLE_IDENTIFIER = "com.example.bitkey-samplecode.swiftui-niche-pieces${SAMPLE_CODE_DISAMBIGUATOR}";
				PRODUCT_NAME = "$(TARGET_NAME)";
				SWIFT_EMIT_LOC_STRINGS = YES;
				SWIFT_VERSION = 5.0;
				TARGETED_DEVICE_FAMILY = "1,2";
			};
			name = Debug;
		};
		2A47B4582ADD009100CC0D33 /* Release */ = {
			isa = XCBuildConfiguration;
			buildSettings = {
				ASSETCATALOG_COMPILER_APPICON_NAME = AppIcon;
				ASSETCATALOG_COMPILER_GLOBAL_ACCENT_COLOR_NAME = AccentColor;
				CODE_SIGN_STYLE = Automatic;
				CURRENT_PROJECT_VERSION = 1;
				DEVELOPMENT_ASSET_PATHS = "\"SwiftUI-Niche-Pieces-Samples/Preview Content\"";
				DEVELOPMENT_TEAM = "";
				ENABLE_PREVIEWS = YES;
				GENERATE_INFOPLIST_FILE = YES;
				INFOPLIST_KEY_UIApplicationSceneManifest_Generation = YES;
				INFOPLIST_KEY_UIApplicationSupportsIndirectInputEvents = YES;
				INFOPLIST_KEY_UILaunchScreen_Generation = YES;
				INFOPLIST_KEY_UISupportedInterfaceOrientations_iPad = "UIInterfaceOrientationPortrait UIInterfaceOrientationPortraitUpsideDown UIInterfaceOrientationLandscapeLeft UIInterfaceOrientationLandscapeRight";
				INFOPLIST_KEY_UISupportedInterfaceOrientations_iPhone = "UIInterfaceOrientationPortrait UIInterfaceOrientationLandscapeLeft UIInterfaceOrientationLandscapeRight";
				IPHONEOS_DEPLOYMENT_TARGET = 15.0;
				LD_RUNPATH_SEARCH_PATHS = (
					"$(inherited)",
					"@executable_path/Frameworks",
				);
				MARKETING_VERSION = 1.0;
				PRODUCT_BUNDLE_IDENTIFIER = "com.example.bitkey-samplecode.swiftui-niche-pieces${SAMPLE_CODE_DISAMBIGUATOR}";
				PRODUCT_NAME = "$(TARGET_NAME)";
				SWIFT_EMIT_LOC_STRINGS = YES;
				SWIFT_VERSION = 5.0;
				TARGETED_DEVICE_FAMILY = "1,2";
			};
			name = Release;
		};
/* End XCBuildConfiguration section */

/* Begin XCConfigurationList section */
		2A47B4432ADD008F00CC0D33 /* Build configuration list for PBXProject "SwiftUI-Niche-Pieces-Samples" */ = {
			isa = XCConfigurationList;
			buildConfigurations = (
				2A47B4542ADD009100CC0D33 /* Debug */,
				2A47B4552ADD009100CC0D33 /* Release */,
			);
			defaultConfigurationIsVisible = 0;
			defaultConfigurationName = Release;
		};
		2A47B4562ADD009100CC0D33 /* Build configuration list for PBXNativeTarget "SwiftUI-Niche-Pieces-Samples" */ = {
			isa = XCConfigurationList;
			buildConfigurations = (
				2A47B4572ADD009100CC0D33 /* Debug */,
				2A47B4582ADD009100CC0D33 /* Release */,
			);
			defaultConfigurationIsVisible = 0;
			defaultConfigurationName = Release;
		};
/* End XCConfigurationList section */

/* Begin XCLocalSwiftPackageReference section */
		2A47B4592ADD00CD00CC0D33 /* XCLocalSwiftPackageReference ".." */ = {
			isa = XCLocalSwiftPackageReference;
			relativePath = ..;
		};
/* End XCLocalSwiftPackageReference section */

/* Begin XCSwiftPackageProductDependency section */
		2A47B45A2ADD00CD00CC0D33 /* SearchableExtensions */ = {
			isa = XCSwiftPackageProductDependency;
			productName = SearchableExtensions;
		};
		2A47B45C2ADD00CD00CC0D33 /* SheetExtensions */ = {
			isa = XCSwiftPackageProductDependency;
			productName = SheetExtensions;
		};
/* End XCSwiftPackageProductDependency section */
	};
	rootObject = 2A47B4402ADD008F00CC0D33 /* Project object */;
}
